Microsoft Visual Studio Solution File, Format Version 12.00
# Visual Studio Version 17
VisualStudioVersion = 17.5.2.0
MinimumVisualStudioVersion = 10.0.40219.1
Project("{FAE04EC0-301F-11D3-BF4B-00C04F79EFBC}") = "OneUniBackend", "OneUniBackend.csproj", "{573118AA-6F82-1D3F-6790-70361BD655A4}"
EndProject
Global
	GlobalSection(SolutionConfigurationPlatforms) = preSolution
		Debug|Any CPU = Debug|Any CPU
		Release|Any CPU = Release|Any CPU
	EndGlobalSection
	GlobalSection(ProjectConfigurationPlatforms) = postSolution
		{573118AA-6F82-1D3F-6790-70361BD655A4}.Debug|Any CPU.ActiveCfg = Debug|Any CPU
		{573118AA-6F82-1D3F-6790-70361BD655A4}.Debug|Any CPU.Build.0 = Debug|Any CPU
		{573118AA-6F82-1D3F-6790-70361BD655A4}.Release|Any CPU.ActiveCfg = Release|Any CPU
		{573118AA-6F82-1D3F-6790-70361BD655A4}.Release|Any CPU.Build.0 = Release|Any CPU
	EndGlobalSection
	GlobalSection(SolutionProperties) = preSolution
		HideSolutionNode = FALSE
	EndGlobalSection
	GlobalSection(ExtensibilityGlobals) = postSolution
		SolutionGuid = {C8DD01F6-0C3A-461F-9A73-58E259105885}
	EndGlobalSection
EndGlobal
